
Microsoft Visual Studio Solution File, Format Version 12.00
# Visual Studio Version 17
VisualStudioVersion = 17.3.32811.315
MinimumVisualStudioVersion = 10.0.40219.1
Project("{FAE04EC0-301F-11D3-BF4B-00C04F79EFBC}") = "AnimalShelter", "AnimalShelter\AnimalShelter.csproj", "{DD1DFF9B-A3DD-4BAD-B055-7597D348C5CF}"
EndProject
Global
	GlobalSection(SolutionConfigurationPlatforms) = preSolution
		Debug|Any CPU = Debug|Any CPU
		Release|Any CPU = Release|Any CPU
	EndGlobalSection
	GlobalSection(ProjectConfigurationPlatforms) = postSolution
		{DD1DFF9B-A3DD-4BAD-B055-7597D348C5CF}.Debug|Any CPU.ActiveCfg = Debug|Any CPU
		{DD1DFF9B-A3DD-4BAD-B055-7597D348C5CF}.Debug|Any CPU.Build.0 = Debug|Any CPU
		{DD1DFF9B-A3DD-4BAD-B055-7597D348C5CF}.Release|Any CPU.ActiveCfg = Release|Any CPU
		{DD1DFF9B-A3DD-4BAD-B055-7597D348C5CF}.Release|Any CPU.Build.0 = Release|Any CPU
	EndGlobalSection
	GlobalSection(SolutionProperties) = preSolution
		HideSolutionNode = FALSE
	EndGlobalSection
	GlobalSection(ExtensibilityGlobals) = postSolution
		SolutionGuid = {B662F210-E338-4D0E-91D5-0E2BC4211C29}
	EndGlobalSection
EndGlobal
